
Microsoft Visual Studio Solution File, Format Version 12.00
# Visual Studio Version 16
VisualStudioVersion = 16.0.28902.138
MinimumVisualStudioVersion = 10.0.40219.1
Project("{FAE04EC0-301F-11D3-BF4B-00C04F79EFBC}") = "TollCalculator", "TollCalculator\TollCalculator.csproj", "{665420D9-90CE-4522-9E9D-ED0434FF2646}"
EndProject
Global
	GlobalSection(SolutionConfigurationPlatforms) = preSolution
		Debug|Any CPU = Debug|Any CPU
		Release|Any CPU = Release|Any CPU
	EndGlobalSection
	GlobalSection(ProjectConfigurationPlatforms) = postSolution
		{665420D9-90CE-4522-9E9D-ED0434FF2646}.Debug|Any CPU.ActiveCfg = Debug|Any CPU
		{665420D9-90CE-4522-9E9D-ED0434FF2646}.Debug|Any CPU.Build.0 = Debug|Any CPU
		{665420D9-90CE-4522-9E9D-ED0434FF2646}.Release|Any CPU.ActiveCfg = Release|Any CPU
		{665420D9-90CE-4522-9E9D-ED0434FF2646}.Release|Any CPU.Build.0 = Release|Any CPU
	EndGlobalSection
	GlobalSection(SolutionProperties) = preSolution
		HideSolutionNode = FALSE
	EndGlobalSection
	GlobalSection(ExtensibilityGlobals) = postSolution
		SolutionGuid = {A2F8C513-9CE0-4C07-8AD4-9F23C223AD8F}
	EndGlobalSection
EndGlobal
