
Microsoft Visual Studio Solution File, Format Version 12.00
# Visual Studio Version 16
VisualStudioVersion = 16.0.28902.138
MinimumVisualStudioVersion = 10.0.40219.1
Project("{9A19103F-16F7-4668-BE54-9A1E7A4F7556}") = "TollCalculator", "TollCalculator\TollCalculator.csproj", "{665420D9-90CE-4522-9E9D-ED0434FF2646}"
EndProject
Project("{9A19103F-16F7-4668-BE54-9A1E7A4F7556}") = "TollCalculatorTest", "TollCalculatorTest\TollCalculatorTest.csproj", "{45C417C1-B5C6-4B10-9DBC-2A26AF3C0D7A}"
EndProject
Project("{9A19103F-16F7-4668-BE54-9A1E7A4F7556}") = "ExternalSystems", "ExternalSystems\ExternalSystems.csproj", "{08DF0C22-3406-4071-9F13-4B60A37F51C0}"
EndProject
Project("{9A19103F-16F7-4668-BE54-9A1E7A4F7556}") = "Common", "Common\Common.csproj", "{F3E99DE1-2D38-4D93-9718-50EF9B76017E}"
EndProject
Project("{9A19103F-16F7-4668-BE54-9A1E7A4F7556}") = "TollEngine", "TollEngine\TollEngine.csproj", "{05B1A175-6D68-4CCA-B331-79D1088A5AC0}"
EndProject
Global
	GlobalSection(SolutionConfigurationPlatforms) = preSolution
		Debug|Any CPU = Debug|Any CPU
		Release|Any CPU = Release|Any CPU
	EndGlobalSection
	GlobalSection(ProjectConfigurationPlatforms) = postSolution
		{665420D9-90CE-4522-9E9D-ED0434FF2646}.Debug|Any CPU.ActiveCfg = Debug|Any CPU
		{665420D9-90CE-4522-9E9D-ED0434FF2646}.Debug|Any CPU.Build.0 = Debug|Any CPU
		{665420D9-90CE-4522-9E9D-ED0434FF2646}.Release|Any CPU.ActiveCfg = Release|Any CPU
		{665420D9-90CE-4522-9E9D-ED0434FF2646}.Release|Any CPU.Build.0 = Release|Any CPU
		{45C417C1-B5C6-4B10-9DBC-2A26AF3C0D7A}.Debug|Any CPU.ActiveCfg = Debug|Any CPU
		{45C417C1-B5C6-4B10-9DBC-2A26AF3C0D7A}.Debug|Any CPU.Build.0 = Debug|Any CPU
		{45C417C1-B5C6-4B10-9DBC-2A26AF3C0D7A}.Release|Any CPU.ActiveCfg = Release|Any CPU
		{45C417C1-B5C6-4B10-9DBC-2A26AF3C0D7A}.Release|Any CPU.Build.0 = Release|Any CPU
		{08DF0C22-3406-4071-9F13-4B60A37F51C0}.Debug|Any CPU.ActiveCfg = Debug|Any CPU
		{08DF0C22-3406-4071-9F13-4B60A37F51C0}.Debug|Any CPU.Build.0 = Debug|Any CPU
		{08DF0C22-3406-4071-9F13-4B60A37F51C0}.Release|Any CPU.ActiveCfg = Release|Any CPU
		{08DF0C22-3406-4071-9F13-4B60A37F51C0}.Release|Any CPU.Build.0 = Release|Any CPU
		{F3E99DE1-2D38-4D93-9718-50EF9B76017E}.Debug|Any CPU.ActiveCfg = Debug|Any CPU
		{F3E99DE1-2D38-4D93-9718-50EF9B76017E}.Debug|Any CPU.Build.0 = Debug|Any CPU
		{F3E99DE1-2D38-4D93-9718-50EF9B76017E}.Release|Any CPU.ActiveCfg = Release|Any CPU
		{F3E99DE1-2D38-4D93-9718-50EF9B76017E}.Release|Any CPU.Build.0 = Release|Any CPU
		{05B1A175-6D68-4CCA-B331-79D1088A5AC0}.Debug|Any CPU.ActiveCfg = Debug|Any CPU
		{05B1A175-6D68-4CCA-B331-79D1088A5AC0}.Debug|Any CPU.Build.0 = Debug|Any CPU
		{05B1A175-6D68-4CCA-B331-79D1088A5AC0}.Release|Any CPU.ActiveCfg = Release|Any CPU
		{05B1A175-6D68-4CCA-B331-79D1088A5AC0}.Release|Any CPU.Build.0 = Release|Any CPU
	EndGlobalSection
	GlobalSection(SolutionProperties) = preSolution
		HideSolutionNode = FALSE
	EndGlobalSection
	GlobalSection(ExtensibilityGlobals) = postSolution
		SolutionGuid = {A2F8C513-9CE0-4C07-8AD4-9F23C223AD8F}
	EndGlobalSection
EndGlobal
